
Microsoft Visual Studio Solution File, Format Version 12.00
# Visual Studio Version 17
VisualStudioVersion = 17.3.32901.215
MinimumVisualStudioVersion = 10.0.40219.1
Project("{FAE04EC0-301F-11D3-BF4B-00C04F79EFBC}") = "FileService", "FileService\FileService.csproj", "{C5DA3BEE-D642-42ED-83A1-A5AB90F31E0F}"
EndProject
Global
	GlobalSection(SolutionConfigurationPlatforms) = preSolution
		Debug|Any CPU = Debug|Any CPU
		Release|Any CPU = Release|Any CPU
	EndGlobalSection
	GlobalSection(ProjectConfigurationPlatforms) = postSolution
		{C5DA3BEE-D642-42ED-83A1-A5AB90F31E0F}.Debug|Any CPU.ActiveCfg = Debug|Any CPU
		{C5DA3BEE-D642-42ED-83A1-A5AB90F31E0F}.Debug|Any CPU.Build.0 = Debug|Any CPU
		{C5DA3BEE-D642-42ED-83A1-A5AB90F31E0F}.Release|Any CPU.ActiveCfg = Release|Any CPU
		{C5DA3BEE-D642-42ED-83A1-A5AB90F31E0F}.Release|Any CPU.Build.0 = Release|Any CPU
	EndGlobalSection
	GlobalSection(SolutionProperties) = preSolution
		HideSolutionNode = FALSE
	EndGlobalSection
	GlobalSection(ExtensibilityGlobals) = postSolution
		SolutionGuid = {30C1EA6A-5B91-4418-83B8-5EC8B8673D71}
	EndGlobalSection
EndGlobal
